
Microsoft Visual Studio Solution File, Format Version 11.00
# Visual Studio 2010
Project("{FAE04EC0-301F-11D3-BF4B-00C04F79EFBC}") = "Assembly-CSharp", "Assembly-CSharp.csproj", "{458B0539-056F-93D3-79E7-DDA16288E548}"
EndProject
Project("{FAE04EC0-301F-11D3-BF4B-00C04F79EFBC}") = "Assembly-CSharp-Editor", "Assembly-CSharp-Editor.csproj", "{02C0B77D-90D5-86E2-A467-7DB3FFBA4A40}"
EndProject
Global
	GlobalSection(SolutionConfigurationPlatforms) = preSolution
		Debug|Any CPU = Debug|Any CPU
		Release|Any CPU = Release|Any CPU
	EndGlobalSection
	GlobalSection(ProjectConfigurationPlatforms) = postSolution
		{458B0539-056F-93D3-79E7-DDA16288E548}.Debug|Any CPU.ActiveCfg = Debug|Any CPU
		{458B0539-056F-93D3-79E7-DDA16288E548}.Debug|Any CPU.Build.0 = Debug|Any CPU
		{458B0539-056F-93D3-79E7-DDA16288E548}.Release|Any CPU.ActiveCfg = Release|Any CPU
		{458B0539-056F-93D3-79E7-DDA16288E548}.Release|Any CPU.Build.0 = Release|Any CPU
		{02C0B77D-90D5-86E2-A467-7DB3FFBA4A40}.Debug|Any CPU.ActiveCfg = Debug|Any CPU
		{02C0B77D-90D5-86E2-A467-7DB3FFBA4A40}.Debug|Any CPU.Build.0 = Debug|Any CPU
		{02C0B77D-90D5-86E2-A467-7DB3FFBA4A40}.Release|Any CPU.ActiveCfg = Release|Any CPU
		{02C0B77D-90D5-86E2-A467-7DB3FFBA4A40}.Release|Any CPU.Build.0 = Release|Any CPU
	EndGlobalSection
	GlobalSection(SolutionProperties) = preSolution
		HideSolutionNode = FALSE
	EndGlobalSection
	GlobalSection(MonoDevelopProperties) = preSolution
		StartupItem = Assembly-CSharp.csproj
	EndGlobalSection
EndGlobal
